
Microsoft Visual Studio Solution File, Format Version 12.00
# Visual Studio Version 17
VisualStudioVersion = 17.6.33801.468
MinimumVisualStudioVersion = 10.0.40219.1
Project("{9A19103F-16F7-4668-BE54-9A1E7A4F7556}") = "BUS", "BUS\BUS.csproj", "{45EAC3E1-B331-4777-9248-D9C07B265639}"
EndProject
Project("{9A19103F-16F7-4668-BE54-9A1E7A4F7556}") = "DAL", "DAL\DAL.csproj", "{9ABE3B79-31EC-4B72-BC44-972F902CF783}"
EndProject
Project("{FAE04EC0-301F-11D3-BF4B-00C04F79EFBC}") = "3_PRL", "3_PRL\3_PRL.csproj", "{136CC3B4-B8DB-4AD2-BC8B-6B3F9B3EC733}"
EndProject
Global
	GlobalSection(SolutionConfigurationPlatforms) = preSolution
		Debug|Any CPU = Debug|Any CPU
		Release|Any CPU = Release|Any CPU
	EndGlobalSection
	GlobalSection(ProjectConfigurationPlatforms) = postSolution
		{45EAC3E1-B331-4777-9248-D9C07B265639}.Debug|Any CPU.ActiveCfg = Debug|Any CPU
		{45EAC3E1-B331-4777-9248-D9C07B265639}.Debug|Any CPU.Build.0 = Debug|Any CPU
		{45EAC3E1-B331-4777-9248-D9C07B265639}.Release|Any CPU.ActiveCfg = Release|Any CPU
		{45EAC3E1-B331-4777-9248-D9C07B265639}.Release|Any CPU.Build.0 = Release|Any CPU
		{9ABE3B79-31EC-4B72-BC44-972F902CF783}.Debug|Any CPU.ActiveCfg = Debug|Any CPU
		{9ABE3B79-31EC-4B72-BC44-972F902CF783}.Debug|Any CPU.Build.0 = Debug|Any CPU
		{9ABE3B79-31EC-4B72-BC44-972F902CF783}.Release|Any CPU.ActiveCfg = Release|Any CPU
		{9ABE3B79-31EC-4B72-BC44-972F902CF783}.Release|Any CPU.Build.0 = Release|Any CPU
		{136CC3B4-B8DB-4AD2-BC8B-6B3F9B3EC733}.Debug|Any CPU.ActiveCfg = Debug|Any CPU
		{136CC3B4-B8DB-4AD2-BC8B-6B3F9B3EC733}.Debug|Any CPU.Build.0 = Debug|Any CPU
		{136CC3B4-B8DB-4AD2-BC8B-6B3F9B3EC733}.Release|Any CPU.ActiveCfg = Release|Any CPU
		{136CC3B4-B8DB-4AD2-BC8B-6B3F9B3EC733}.Release|Any CPU.Build.0 = Release|Any CPU
	EndGlobalSection
	GlobalSection(SolutionProperties) = preSolution
		HideSolutionNode = FALSE
	EndGlobalSection
	GlobalSection(ExtensibilityGlobals) = postSolution
		SolutionGuid = {8D4EE53B-C577-4D3C-B941-427CED502377}
	EndGlobalSection
EndGlobal
